{
  "name": "trackflow-web-pixel",
  "version": "1.0.0",
  "lockfileVersion": 3,
  "requires": true,
  "packages": {
    "": {
      "name": "trackflow-web-pixel",
      "version": "1.0.0",
      "license": "MIT",
      "dependencies": {
        "@shopify/web-pixels-extension": "^0.2.0"
      }
    },
    "node_modules/@shopify/web-pixels-extension": {
      "version": "0.2.0",
      "resolved": "https://registry.npmjs.org/@shopify/web-pixels-extension/-/web-pixels-extension-0.2.0.tgz",
      "integrity": "sha512-0iR1KcPokvQQpY0xVs3HoNa6idFLqQ4al8NOnAgMjOVBbhLM77kJChMcRlU736JmPkupeVrdjK6cw3NbZz2abw==",
      "license": "MIT"
    }
  }
}
